
Microsoft Visual Studio Solution File, Format Version 12.00
# Visual Studio Version 16
VisualStudioVersion = 16.0.28803.202
MinimumVisualStudioVersion = 10.0.40219.1
Project("{FAE04EC0-301F-11D3-BF4B-00C04F79EFBC}") = "ConsoleApp1", "ConsoleApp1\ConsoleApp1.csproj", "{950A5DEE-2045-4A60-A6BE-E508BEF5183F}"
EndProject
Global
	GlobalSection(SolutionConfigurationPlatforms) = preSolution
		Debug|Any CPU = Debug|Any CPU
		Release|Any CPU = Release|Any CPU
	EndGlobalSection
	GlobalSection(ProjectConfigurationPlatforms) = postSolution
		{950A5DEE-2045-4A60-A6BE-E508BEF5183F}.Debug|Any CPU.ActiveCfg = Debug|Any CPU
		{950A5DEE-2045-4A60-A6BE-E508BEF5183F}.Debug|Any CPU.Build.0 = Debug|Any CPU
		{950A5DEE-2045-4A60-A6BE-E508BEF5183F}.Release|Any CPU.ActiveCfg = Release|Any CPU
		{950A5DEE-2045-4A60-A6BE-E508BEF5183F}.Release|Any CPU.Build.0 = Release|Any CPU
	EndGlobalSection
	GlobalSection(SolutionProperties) = preSolution
		HideSolutionNode = FALSE
	EndGlobalSection
	GlobalSection(ExtensibilityGlobals) = postSolution
		SolutionGuid = {88C8F44D-9329-4C7F-BA82-83DDAD6B114B}
	EndGlobalSection
EndGlobal
